
Microsoft Visual Studio Solution File, Format Version 12.00
# Visual Studio Version 17
VisualStudioVersion = 17.3.32825.248
MinimumVisualStudioVersion = 10.0.40219.1
Project("{9A19103F-16F7-4668-BE54-9A1E7A4F7556}") = "MTCG.BL", "MTCG.BL\MTCG.BL.csproj", "{F835CA28-6D26-41AE-8B00-4FAB26FE66C4}"
EndProject
Project("{9A19103F-16F7-4668-BE54-9A1E7A4F7556}") = "MTCG.MODELS", "MTCG.MODELS\MTCG.MODELS.csproj", "{8695B067-9286-4B5D-AD33-A36ACE84CA4C}"
EndProject
Project("{9A19103F-16F7-4668-BE54-9A1E7A4F7556}") = "MTCG.Test", "MTCG.Test\MTCG.Test.csproj", "{AE9FFADF-3688-4443-A8CF-BDC361E9CA66}"
EndProject
Project("{9A19103F-16F7-4668-BE54-9A1E7A4F7556}") = "MTCG.DatabaseAccess", "MTCG.DatabaseAccess\MTCG.DatabaseAccess.csproj", "{038C5CBE-A5C2-4D69-98A3-EC5812F2EDB2}"
EndProject
Project("{9A19103F-16F7-4668-BE54-9A1E7A4F7556}") = "MTCG.Database", "Database\MTCG.Database.csproj", "{DF5520BF-59F1-4A1F-A4AB-F7D8F6E7CC43}"
EndProject
Project("{9A19103F-16F7-4668-BE54-9A1E7A4F7556}") = "MTCG.TCPServer", "MTCG.TCPListener\MTCG.TCPServer.csproj", "{0CC387A4-E508-438D-B54F-7310DE9C1A62}"
EndProject
Global
	GlobalSection(SolutionConfigurationPlatforms) = preSolution
		Debug|Any CPU = Debug|Any CPU
		Release|Any CPU = Release|Any CPU
	EndGlobalSection
	GlobalSection(ProjectConfigurationPlatforms) = postSolution
		{F835CA28-6D26-41AE-8B00-4FAB26FE66C4}.Debug|Any CPU.ActiveCfg = Debug|Any CPU
		{F835CA28-6D26-41AE-8B00-4FAB26FE66C4}.Debug|Any CPU.Build.0 = Debug|Any CPU
		{F835CA28-6D26-41AE-8B00-4FAB26FE66C4}.Release|Any CPU.ActiveCfg = Release|Any CPU
		{F835CA28-6D26-41AE-8B00-4FAB26FE66C4}.Release|Any CPU.Build.0 = Release|Any CPU
		{8695B067-9286-4B5D-AD33-A36ACE84CA4C}.Debug|Any CPU.ActiveCfg = Debug|Any CPU
		{8695B067-9286-4B5D-AD33-A36ACE84CA4C}.Debug|Any CPU.Build.0 = Debug|Any CPU
		{8695B067-9286-4B5D-AD33-A36ACE84CA4C}.Release|Any CPU.ActiveCfg = Release|Any CPU
		{8695B067-9286-4B5D-AD33-A36ACE84CA4C}.Release|Any CPU.Build.0 = Release|Any CPU
		{AE9FFADF-3688-4443-A8CF-BDC361E9CA66}.Debug|Any CPU.ActiveCfg = Debug|Any CPU
		{AE9FFADF-3688-4443-A8CF-BDC361E9CA66}.Debug|Any CPU.Build.0 = Debug|Any CPU
		{AE9FFADF-3688-4443-A8CF-BDC361E9CA66}.Release|Any CPU.ActiveCfg = Release|Any CPU
		{AE9FFADF-3688-4443-A8CF-BDC361E9CA66}.Release|Any CPU.Build.0 = Release|Any CPU
		{038C5CBE-A5C2-4D69-98A3-EC5812F2EDB2}.Debug|Any CPU.ActiveCfg = Debug|Any CPU
		{038C5CBE-A5C2-4D69-98A3-EC5812F2EDB2}.Debug|Any CPU.Build.0 = Debug|Any CPU
		{038C5CBE-A5C2-4D69-98A3-EC5812F2EDB2}.Release|Any CPU.ActiveCfg = Release|Any CPU
		{038C5CBE-A5C2-4D69-98A3-EC5812F2EDB2}.Release|Any CPU.Build.0 = Release|Any CPU
		{DF5520BF-59F1-4A1F-A4AB-F7D8F6E7CC43}.Debug|Any CPU.ActiveCfg = Debug|Any CPU
		{DF5520BF-59F1-4A1F-A4AB-F7D8F6E7CC43}.Debug|Any CPU.Build.0 = Debug|Any CPU
		{DF5520BF-59F1-4A1F-A4AB-F7D8F6E7CC43}.Release|Any CPU.ActiveCfg = Release|Any CPU
		{DF5520BF-59F1-4A1F-A4AB-F7D8F6E7CC43}.Release|Any CPU.Build.0 = Release|Any CPU
		{0CC387A4-E508-438D-B54F-7310DE9C1A62}.Debug|Any CPU.ActiveCfg = Debug|Any CPU
		{0CC387A4-E508-438D-B54F-7310DE9C1A62}.Debug|Any CPU.Build.0 = Debug|Any CPU
		{0CC387A4-E508-438D-B54F-7310DE9C1A62}.Release|Any CPU.ActiveCfg = Release|Any CPU
		{0CC387A4-E508-438D-B54F-7310DE9C1A62}.Release|Any CPU.Build.0 = Release|Any CPU
	EndGlobalSection
	GlobalSection(SolutionProperties) = preSolution
		HideSolutionNode = FALSE
	EndGlobalSection
	GlobalSection(ExtensibilityGlobals) = postSolution
		SolutionGuid = {7FE0D954-16B7-4ECD-962A-895DC019F2C9}
	EndGlobalSection
EndGlobal
